<?xml version="1.0" encoding="utf-8"?>
<Project ToolsVersion="4.0" xmlns="http://schemas.microsoft.com/developer/msbuild/2003">
  <ItemGroup>
    <Filter Include="File di origine">
      <UniqueIdentifier>{4FC737F1-C7A5-4376-A066-2A32D752A2FF}</UniqueIdentifier>
      <Extensions>cpp;c;cc;cxx;def;odl;idl;hpj;bat;asm;asmx</Extensions>
    </Filter>
    <Filter Include="File di intestazione">
      <UniqueIdentifier>{93995380-89BD-4b04-88EB-625FBE52EBFB}</UniqueIdentifier>
      <Extensions>h;hh;hpp;hxx;hm;inl;inc;ipp;xsd</Extensions>
    </Filter>
    <Filter Include="File di risorse">
      <UniqueIdentifier>{67DA6AB6-F800-4c08-8B7A-83BB121AAD01}</UniqueIdentifier>
      <Extensions>rc;ico;cur;bmp;dlg;rc2;rct;bin;rgs;gif;jpg;jpeg;jpe;resx;tiff;tif;png;wav;mfcribbon-ms</Extensions>
    </Filter>
    <Filter Include="File di intestazione\utils">
      <UniqueIdentifier>{6375d103-f119-4da0-903e-6143ac26b6ad}</UniqueIdentifier>
    </Filter>
    <Filter Include="File di origine\utils">
      <UniqueIdentifier>{e74d210f-0bfb-4802-9db6-72eccade21ea}</UniqueIdentifier>
    </Filter>
    <Filter Include="File di intestazione\luenberger">
      <UniqueIdentifier>{c2441b19-7e7a-4f9d-ab6b-5975d69768d9}</UniqueIdentifier>
    </Filter>
    <Filter Include="File di origine\luenberger">
      <UniqueIdentifier>{276e3580-3f5c-4ac9-8358-38850721a754}</UniqueIdentifier>
    </Filter>
  </ItemGroup>
  <ItemGroup>
    <ClInclude Include="utils\matrix.h">
      <Filter>File di intestazione\utils</Filter>
    </ClInclude>
    <ClInclude Include="luenberger\luenberger_observer.h">
      <Filter>File di intestazione\luenberger</Filter>
    </ClInclude>
  </ItemGroup>
  <ItemGroup>
    <ClCompile Include="utils\matrix.c">
      <Filter>File di origine\utils</Filter>
    </ClCompile>
    <ClCompile Include="main.c">
      <Filter>File di origine</Filter>
    </ClCompile>
    <ClCompile Include="luenberger\luenberger_observer.c">
      <Filter>File di origine\luenberger</Filter>
    </ClCompile>
  </ItemGroup>
</Project>